// !$*UTF8*$!
{
	archiveVersion = 1;
	classes = {
	};
	objectVersion = 46;
	objects = {

/* Begin PBXBuildFile section */
		15911F7E1CE4FBDA008EBD66 /* AppDelegate.swift in Sources */ = {isa = PBXBuildFile; fileRef = 15911F7D1CE4FBDA008EBD66 /* AppDelegate.swift */; };
		15911F801CE4FBDA008EBD66 /* ViewController.swift in Sources */ = {isa = PBXBuildFile; fileRef = 15911F7F1CE4FBDA008EBD66 /* ViewController.swift */; };
		15911F831CE4FBDA008EBD66 /* Main.storyboard in Resources */ = {isa = PBXBuildFile; fileRef = 15911F811CE4FBDA008EBD66 /* Main.storyboard */; };
		15911F851CE4FBDA008EBD66 /* Assets.xcassets in Resources */ = {isa = PBXBuildFile; fileRef = 15911F841CE4FBDA008EBD66 /* Assets.xcassets */; };
		15911F881CE4FBDA008EBD66 /* LaunchScreen.storyboard in Resources */ = {isa = PBXBuildFile; fileRef = 15911F861CE4FBDA008EBD66 /* LaunchScreen.storyboard */; };
/* End PBXBuildFile section */

/* Begin PBXFileReference section */
		15911F7A1CE4FBDA008EBD66 /* SuperCool.app */ = {isa = PBXFileReference; explicitFileType = wrapper.application; includeInIndex = 0; path = SuperCool.app; sourceTree = BUILT_PRODUCTS_DIR; };
		15911F7D1CE4FBDA008EBD66 /* AppDelegate.swift */ = {isa = PBXFileReference; lastKnownFileType = sourcecode.swift; path = AppDelegate.swift; sourceTree = "<group>"; };
		15911F7F1CE4FBDA008EBD66 /* ViewController.swift */ = {isa = PBXFileReference; lastKnownFileType = sourcecode.swift; path = ViewController.swift; sourceTree = "<group>"; };
		15911F821CE4FBDA008EBD66 /* Base */ = {isa = PBXFileReference; lastKnownFileType = file.storyboard; name = Base; path = Base.lproj/Main.storyboard; sourceTree = "<group>"; };
		15911F841CE4FBDA008EBD66 /* Assets.xcassets */ = {isa = PBXFileReference; lastKnownFileType = folder.assetcatalog; path = Assets.xcassets; sourceTree = "<group>"; };
		15911F871CE4FBDA008EBD66 /* Base */ = {isa = PBXFileReference; lastKnownFileType = file.storyboard; name = Base; path = Base.lproj/LaunchScreen.storyboard; sourceTree = "<group>"; };
		15911F891CE4FBDA008EBD66 /* Info.plist */ = {isa = PBXFileReference; lastKnownFileType = text.plist.xml; path = Info.plist; sourceTree = "<group>"; };
/* End PBXFileReference section */

/* Begin PBXFrameworksBuildPhase section */
		15911F771CE4FBDA008EBD66 /* Frameworks */ = {
			isa = PBXFrameworksBuildPhase;
			buildActionMask = 2147483647;
			files = (
			);
			runOnlyForDeploymentPostprocessing = 0;
		};
/* End PBXFrameworksBuildPhase section */

/* Begin PBXGroup section */
		15911F711CE4FBDA008EBD66 = {
			isa = PBXGroup;
			children = (
				15911F7C1CE4FBDA008EBD66 /* SuperCool */,
				15911F7B1CE4FBDA008EBD66 /* Products */,
			);
			sourceTree = "<group>";
		};
		15911F7B1CE4FBDA008EBD66 /* Products */ = {
			isa = PBXGroup;
			children = (
				15911F7A1CE4FBDA008EBD66 /* SuperCool.app */,
			);
			name = Products;
			sourceTree = "<group>";
		};
		15911F7C1CE4FBDA008EBD66 /* SuperCool */ = {
			isa = PBXGroup;
			children = (
				15911F7D1CE4FBDA008EBD66 /* AppDelegate.swift */,
				15911F7F1CE4FBDA008EBD66 /* ViewController.swift */,
				15911F811CE4FBDA008EBD66 /* Main.storyboard */,
				15911F841CE4FBDA008EBD66 /* Assets.xcassets */,
				15911F861CE4FBDA008EBD66 /* LaunchScreen.storyboard */,
				15911F891CE4FBDA008EBD66 /* Info.plist */,
			);
			path = SuperCool;
			sourceTree = "<group>";
		};
/* End PBXGroup section */

/* Begin PBXNativeTarget section */
		15911F791CE4FBDA008EBD66 /* SuperCool */ = {
			isa = PBXNativeTarget;
			buildConfigurationList = 15911F8C1CE4FBDA008EBD66 /* Build configuration list for PBXNativeTarget "SuperCool" */;
			buildPhases = (
				15911F761CE4FBDA008EBD66 /* Sources */,
				15911F771CE4FBDA008EBD66 /* Frameworks */,
				15911F781CE4FBDA008EBD66 /* Resources */,
			);
			buildRules = (
			);
			dependencies = (
			);
			name = SuperCool;
			productName = SuperCool;
			productReference = 15911F7A1CE4FBDA008EBD66 /* SuperCool.app */;
			productType = "com.apple.product-type.application";
		};
/* End PBXNativeTarget section */

/* Begin PBXProject section */
		15911F721CE4FBDA008EBD66 /* Project object */ = {
			isa = PBXProject;
			attributes = {
				LastSwiftUpdateCheck = 0730;
				LastUpgradeCheck = 0730;
				ORGANIZATIONNAME = CollinsDevelopment;
				TargetAttributes = {
					15911F791CE4FBDA008EBD66 = {
						CreatedOnToolsVersion = 7.3.1;
					};
				};
			};
			buildConfigurationList = 15911F751CE4FBDA008EBD66 /* Build configuration list for PBXProject "SuperCool" */;
			compatibilityVersion = "Xcode 3.2";
			developmentRegion = English;
			hasScannedForEncodings = 0;
			knownRegions = (
				en,
				Base,
			);
			mainGroup = 15911F711CE4FBDA008EBD66;
			productRefGroup = 15911F7B1CE4FBDA008EBD66 /* Products */;
			projectDirPath = "";
			projectRoot = "";
			targets = (
				15911F791CE4FBDA008EBD66 /* SuperCool */,
			);
		};
/* End PBXProject section */

/* Begin PBXResourcesBuildPhase section */
		15911F781CE4FBDA008EBD66 /* Resources */ = {
			isa = PBXResourcesBuildPhase;
			buildActionMask = 2147483647;
			files = (
				15911F881CE4FBDA008EBD66 /* LaunchScreen.storyboard in Resources */,
				15911F851CE4FBDA008EBD66 /* Assets.xcassets in Resources */,
				15911F831CE4FBDA008EBD66 /* Main.storyboard in Resources */,
			);
			runOnlyForDeploymentPostprocessing = 0;
		};
/* End PBXResourcesBuildPhase section */

/* Begin PBXSourcesBuildPhase section */
		15911F761CE4FBDA008EBD66 /* Sources */ = {
			isa = PBXSourcesBuildPhase;
			buildActionMask = 2147483647;
			files = (
				15911F801CE4FBDA008EBD66 /* ViewController.swift in Sources */,
				15911F7E1CE4FBDA008EBD66 /* AppDelegate.swift in Sources */,
			);
			runOnlyForDeploymentPostprocessing = 0;
		};
/* End PBXSourcesBuildPhase section */

/* Begin PBXVariantGroup section */
		15911F811CE4FBDA008EBD66 /* Main.storyboard */ = {
			isa = PBXVariantGroup;
			children = (
				15911F821CE4FBDA008EBD66 /* Base */,
			);
			name = Main.storyboard;
			sourceTree = "<group>";
		};
		15911F861CE4FBDA008EBD66 /* LaunchScreen.storyboard */ = {
			isa = PBXVariantGroup;
			children = (
				15911F871CE4FBDA008EBD66 /* Base */,
			);
			name = LaunchScreen.storyboard;
			sourceTree = "<group>";
		};
/* End PBXVariantGroup section */

/* Begin XCBuildConfiguration section */
		15911F8A1CE4FBDA008EBD66 /* Debug */ = {
			isa = XCBuildConfiguration;
			buildSettings = {
				ALWAYS_SEARCH_USER_PATHS = NO;
				CLANG_ANALYZER_NONNULL = YES;
				CLANG_CXX_LANGUAGE_STANDARD = "gnu++0x";
				CLANG_CXX_LIBRARY = "libc++";
				CLANG_ENABLE_MODULES = YES;
				CLANG_ENABLE_OBJC_ARC = YES;
				CLANG_WARN_BOOL_CONVERSION = YES;
				CLANG_WARN_CONSTANT_CONVERSION = YES;
				CLANG_WARN_DIRECT_OBJC_ISA_USAGE = YES_ERROR;
				CLANG_WARN_EMPTY_BODY = YES;
				CLANG_WARN_ENUM_CONVERSION = YES;
				CLANG_WARN_INT_CONVERSION = YES;
				CLANG_WARN_OBJC_ROOT_CLASS = YES_ERROR;
				CLANG_WARN_UNREACHABLE_CODE = YES;
				CLANG_WARN__DUPLICATE_METHOD_MATCH = YES;
				"CODE_SIGN_IDENTITY[sdk=iphoneos*]" = "iPhone Developer";
				COPY_PHASE_STRIP = NO;
				DEBUG_INFORMATION_FORMAT = dwarf;
				ENABLE_STRICT_OBJC_MSGSEND = YES;
				ENABLE_TESTABILITY = YES;
				GCC_C_LANGUAGE_STANDARD = gnu99;
				GCC_DYNAMIC_NO_PIC = NO;
				GCC_NO_COMMON_BLOCKS = YES;
				GCC_OPTIMIZATION_LEVEL = 0;
				GCC_PREPROCESSOR_DEFINITIONS = (
					"DEBUG=1",
					"$(inherited)",
				);
				GCC_WARN_64_TO_32_BIT_CONVERSION = YES;
				GCC_WARN_ABOUT_RETURN_TYPE = YES_ERROR;
				GCC_WARN_UNDECLARED_SELECTOR = YES;
				GCC_WARN_UNINITIALIZED_AUTOS = YES_AGGRESSIVE;
				GCC_WARN_UNUSED_FUNCTION = YES;
				GCC_WARN_UNUSED_VARIABLE = YES;
				IPHONEOS_DEPLOYMENT_TARGET = 9.3;
				MTL_ENABLE_DEBUG_INFO = YES;
				ONLY_ACTIVE_ARCH = YES;
				SDKROOT = iphoneos;
				SWIFT_OPTIMIZATION_LEVEL = "-Onone";
			};
			name = Debug;
		};
		15911F8B1CE4FBDA008EBD66 /* Release */ = {
			isa = XCBuildConfiguration;
			buildSettings = {
				ALWAYS_SEARCH_USER_PATHS = NO;
				CLANG_ANALYZER_NONNULL = YES;
				CLANG_CXX_LANGUAGE_STANDARD = "gnu++0x";
				CLANG_CXX_LIBRARY = "libc++";
				CLANG_ENABLE_MODULES = YES;
				CLANG_ENABLE_OBJC_ARC = YES;
				CLANG_WARN_BOOL_CONVERSION = YES;
				CLANG_WARN_CONSTANT_CONVERSION = YES;
				CLANG_WARN_DIRECT_OBJC_ISA_USAGE = YES_ERROR;
				CLANG_WARN_EMPTY_BODY = YES;
				CLANG_WARN_ENUM_CONVERSION = YES;
				CLANG_WARN_INT_CONVERSION = YES;
				CLANG_WARN_OBJC_ROOT_CLASS = YES_ERROR;
				CLANG_WARN_UNREACHABLE_CODE = YES;
				CLANG_WARN__DUPLICATE_METHOD_MATCH = YES;
				"CODE_SIGN_IDENTITY[sdk=iphoneos*]" = "iPhone Developer";
				COPY_PHASE_STRIP = NO;
				DEBUG_INFORMATION_FORMAT = "dwarf-with-dsym";
				ENABLE_NS_ASSERTIONS = NO;
				ENABLE_STRICT_OBJC_MSGSEND = YES;
				GCC_C_LANGUAGE_STANDARD = gnu99;
				GCC_NO_COMMON_BLOCKS = YES;
				GCC_WARN_64_TO_32_BIT_CONVERSION = YES;
				GCC_WARN_ABOUT_RETURN_TYPE = YES_ERROR;
				GCC_WARN_UNDECLARED_SELECTOR = YES;
				GCC_WARN_UNINITIALIZED_AUTOS = YES_AGGRESSIVE;
				GCC_WARN_UNUSED_FUNCTION = YES;
				GCC_WARN_UNUSED_VARIABLE = YES;
				IPHONEOS_DEPLOYMENT_TARGET = 9.3;
				MTL_ENABLE_DEBUG_INFO = NO;
				SDKROOT = iphoneos;
				VALIDATE_PRODUCT = YES;
			};
			name = Release;
		};
		15911F8D1CE4FBDA008EBD66 /* Debug */ = {
			isa = XCBuildConfiguration;
			buildSettings = {
				ASSETCATALOG_COMPILER_APPICON_NAME = AppIcon;
				INFOPLIST_FILE = SuperCool/Info.plist;
				LD_RUNPATH_SEARCH_PATHS = "$(inherited) @executable_path/Frameworks";
				PRODUCT_BUNDLE_IDENTIFIER = com.CollinsDevelopment.SuperCool;
				PRODUCT_NAME = "$(TARGET_NAME)";
			};
			name = Debug;
		};
		15911F8E1CE4FBDA008EBD66 /* Release */ = {
			isa = XCBuildConfiguration;
			buildSettings = {
				ASSETCATALOG_COMPILER_APPICON_NAME = AppIcon;
				INFOPLIST_FILE = SuperCool/Info.plist;
				LD_RUNPATH_SEARCH_PATHS = "$(inherited) @executable_path/Frameworks";
				PRODUCT_BUNDLE_IDENTIFIER = com.CollinsDevelopment.SuperCool;
				PRODUCT_NAME = "$(TARGET_NAME)";
			};
			name = Release;
		};
/* End XCBuildConfiguration section */

/* Begin XCConfigurationList section */
		15911F751CE4FBDA008EBD66 /* Build configuration list for PBXProject "SuperCool" */ = {
			isa = XCConfigurationList;
			buildConfigurations = (
				15911F8A1CE4FBDA008EBD66 /* Debug */,
				15911F8B1CE4FBDA008EBD66 /* Release */,
			);
			defaultConfigurationIsVisible = 0;
			defaultConfigurationName = Release;
		};
		15911F8C1CE4FBDA008EBD66 /* Build configuration list for PBXNativeTarget "SuperCool" */ = {
			isa = XCConfigurationList;
			buildConfigurations = (
				15911F8D1CE4FBDA008EBD66 /* Debug */,
				15911F8E1CE4FBDA008EBD66 /* Release */,
			);
			defaultConfigurationIsVisible = 0;
		};
/* End XCConfigurationList section */
	};
	rootObject = 15911F721CE4FBDA008EBD66 /* Project object */;
}
